
Microsoft Visual Studio Solution File, Format Version 12.00
# Visual Studio 15
VisualStudioVersion = 15.0.27130.2003
MinimumVisualStudioVersion = 10.0.40219.1
Project("{9A19103F-16F7-4668-BE54-9A1E7A4F7556}") = "Lambda2Js", "Lambda2Js\Lambda2Js.csproj", "{F7221282-1169-475B-BF81-E3EC2FF6A00A}"
EndProject
Project("{FAE04EC0-301F-11D3-BF4B-00C04F79EFBC}") = "TestRunner.NuGet.Net-v4.0", "TestRunner\TestRunner.NuGet.Net-v4.0.csproj", "{73500DC0-3403-415C-9360-B82DCC78EFBE}"
EndProject
Project("{9A19103F-16F7-4668-BE54-9A1E7A4F7556}") = "Lambda2Js.Signed", "Lambda2Js\Lambda2Js.Signed.csproj", "{C8843366-3DA1-4CF8-AD64-222872A43F20}"
EndProject
Project("{FAE04EC0-301F-11D3-BF4B-00C04F79EFBC}") = "TestRunner.Net-v4.0", "TestRunner\TestRunner.Net-v4.0.csproj", "{83500DC0-3403-415C-9360-B82DCC78EFBE}"
EndProject
Project("{9A19103F-16F7-4668-BE54-9A1E7A4F7556}") = "Lambda2Js.Tests", "Lambda2Js.Tests\Lambda2Js.Tests.csproj", "{1D1C9D29-A2AF-40B1-9618-CBBEF21DDFB0}"
EndProject
Project("{9A19103F-16F7-4668-BE54-9A1E7A4F7556}") = "ProjectsGenerator", "ProjectsGenerator\ProjectsGenerator.csproj", "{A04BA08D-66F3-450C-B8BF-60F0B99E0CC1}"
EndProject
Project("{9A19103F-16F7-4668-BE54-9A1E7A4F7556}") = "Lambda2Js.Tests.net40", "Lambda2Js.Tests\Lambda2Js.Tests.net40.csproj", "{5C0F0A1D-B7A9-4CC1-96A9-C71CCDF161B2}"
EndProject
Project("{9A19103F-16F7-4668-BE54-9A1E7A4F7556}") = "Lambda2Js.Tests.netcoreapp1.1", "Lambda2Js.Tests\Lambda2Js.Tests.netcoreapp1.1.csproj", "{865F6D50-1FB9-476A-9487-266851D061D6}"
EndProject
Project("{2150E333-8FDC-42A3-9474-1A3956D46DE8}") = "Targeted Tests (load only one)", "Targeted Tests (load only one)", "{47DE47F5-E1D6-4C9F-B229-ED065E0A12BE}"
EndProject
Project("{9A19103F-16F7-4668-BE54-9A1E7A4F7556}") = "Lambda2Js.Tests.netcoreapp2.0", "Lambda2Js.Tests\Lambda2Js.Tests.netcoreapp2.0.csproj", "{243C57EE-F73D-458A-A45B-3A09BF6F35EB}"
EndProject
Project("{778DAE3C-4631-46EA-AA77-85C1314464D9}") = "Lambda2Js.VbTests", "Lambda2Js.VbTests\Lambda2Js.VbTests.vbproj", "{EB8AF1EB-84D0-4A62-A6D6-31851F06FE13}"
EndProject
Project("{9A19103F-16F7-4668-BE54-9A1E7A4F7556}") = "Lambda2Js.NuGet.Tests", "Lambda2Js.Tests\Lambda2Js.NuGet.Tests.csproj", "{BE82A711-852D-4112-AE73-15EE1E463F50}"
EndProject
Project("{9A19103F-16F7-4668-BE54-9A1E7A4F7556}") = "Lambda2Js.NuGet.Signed.Tests", "Lambda2Js.Tests\Lambda2Js.NuGet.Signed.Tests.csproj", "{FBA2F01E-70F5-4F3A-98CF-29FB89C86EA0}"
EndProject
Project("{2150E333-8FDC-42A3-9474-1A3956D46DE8}") = "Tests", "Tests", "{EFBCF1E0-272C-46E4-A916-85FA149CDF82}"
EndProject
Project("{2150E333-8FDC-42A3-9474-1A3956D46DE8}") = "Main", "Main", "{6672A93F-9DE9-416A-9F08-95EAEAE0FF27}"
EndProject
Project("{2150E333-8FDC-42A3-9474-1A3956D46DE8}") = "Signed (generated)", "Signed (generated)", "{431210D1-DD2B-46DA-AC49-C767507274CD}"
EndProject
Project("{2150E333-8FDC-42A3-9474-1A3956D46DE8}") = "VS Tests (generated)", "VS Tests (generated)", "{02DE0AE9-64F7-44F9-9990-6EE8DDBECB6C}"
EndProject
Project("{9A19103F-16F7-4668-BE54-9A1E7A4F7556}") = "Lambda2Js.NuGet.Tests.net40", "Lambda2Js.Tests\Lambda2Js.NuGet.Tests.net40.csproj", "{FB49E179-3219-4D76-9D81-8DA095BC01F7}"
EndProject
Project("{2150E333-8FDC-42A3-9474-1A3956D46DE8}") = "TestRunner Base Tests", "TestRunner Base Tests", "{10EB025E-477C-4D33-A542-0882EA67CEFF}"
EndProject
Project("{9A19103F-16F7-4668-BE54-9A1E7A4F7556}") = "Lambda2Js.NuGet.Signed.Tests.net40", "Lambda2Js.Tests\Lambda2Js.NuGet.Signed.Tests.net40.csproj", "{CD37E3E3-5D52-4AA5-A012-C24FDE70D772}"
EndProject
Project("{9A19103F-16F7-4668-BE54-9A1E7A4F7556}") = "Lambda2Js.NuGet.Signed.Tests.netcoreapp1.1", "Lambda2Js.Tests\Lambda2Js.NuGet.Signed.Tests.netcoreapp1.1.csproj", "{F84660CF-49C0-4368-AEF8-1A067BC7D19D}"
EndProject
Project("{9A19103F-16F7-4668-BE54-9A1E7A4F7556}") = "Lambda2Js.NuGet.Signed.Tests.netcoreapp2.0", "Lambda2Js.Tests\Lambda2Js.NuGet.Signed.Tests.netcoreapp2.0.csproj", "{56948BF4-8F54-4969-93A8-6600D77CE345}"
EndProject
Project("{9A19103F-16F7-4668-BE54-9A1E7A4F7556}") = "Lambda2Js.NuGet.Tests.netcoreapp1.1", "Lambda2Js.Tests\Lambda2Js.NuGet.Tests.netcoreapp1.1.csproj", "{0F51D703-BADA-4F6E-AF6B-08B56BD15A18}"
EndProject
Project("{9A19103F-16F7-4668-BE54-9A1E7A4F7556}") = "Lambda2Js.NuGet.Tests.netcoreapp2.0", "Lambda2Js.Tests\Lambda2Js.NuGet.Tests.netcoreapp2.0.csproj", "{905A39ED-E14B-4472-B006-6184F3157FD7}"
EndProject
Project("{2150E333-8FDC-42A3-9474-1A3956D46DE8}") = "Base Projects (load only one)", "Base Projects (load only one)", "{516CA2A0-CC98-485D-8A93-F03CA478F4D7}"
EndProject
Project("{FAE04EC0-301F-11D3-BF4B-00C04F79EFBC}") = "TestRunner.NuGet.Signed.Net-v4.0", "TestRunner\TestRunner.NuGet.Signed.Net-v4.0.csproj", "{1431C7A0-B13D-429C-B64B-63A4C811868A}"
EndProject
Project("{2150E333-8FDC-42A3-9474-1A3956D46DE8}") = "TestRunner for Net40 (load only one)", "TestRunner for Net40 (load only one)", "{7F1BFA38-2D58-4678-920F-73BDFAAB6D4F}"
EndProject
Global
	GlobalSection(SolutionConfigurationPlatforms) = preSolution
		Debug|Any CPU = Debug|Any CPU
		Release|Any CPU = Release|Any CPU
	EndGlobalSection
	GlobalSection(ProjectConfigurationPlatforms) = postSolution
		{F7221282-1169-475B-BF81-E3EC2FF6A00A}.Debug|Any CPU.ActiveCfg = Debug|Any CPU
		{F7221282-1169-475B-BF81-E3EC2FF6A00A}.Debug|Any CPU.Build.0 = Debug|Any CPU
		{F7221282-1169-475B-BF81-E3EC2FF6A00A}.Release|Any CPU.ActiveCfg = Release|Any CPU
		{F7221282-1169-475B-BF81-E3EC2FF6A00A}.Release|Any CPU.Build.0 = Release|Any CPU
		{73500DC0-3403-415C-9360-B82DCC78EFBE}.Debug|Any CPU.ActiveCfg = Debug|Any CPU
		{73500DC0-3403-415C-9360-B82DCC78EFBE}.Debug|Any CPU.Build.0 = Debug|Any CPU
		{73500DC0-3403-415C-9360-B82DCC78EFBE}.Release|Any CPU.ActiveCfg = Release|Any CPU
		{73500DC0-3403-415C-9360-B82DCC78EFBE}.Release|Any CPU.Build.0 = Release|Any CPU
		{C8843366-3DA1-4CF8-AD64-222872A43F20}.Debug|Any CPU.ActiveCfg = Debug|Any CPU
		{C8843366-3DA1-4CF8-AD64-222872A43F20}.Debug|Any CPU.Build.0 = Debug|Any CPU
		{C8843366-3DA1-4CF8-AD64-222872A43F20}.Release|Any CPU.ActiveCfg = Release|Any CPU
		{C8843366-3DA1-4CF8-AD64-222872A43F20}.Release|Any CPU.Build.0 = Release|Any CPU
		{83500DC0-3403-415C-9360-B82DCC78EFBE}.Debug|Any CPU.ActiveCfg = Debug|Any CPU
		{83500DC0-3403-415C-9360-B82DCC78EFBE}.Debug|Any CPU.Build.0 = Debug|Any CPU
		{83500DC0-3403-415C-9360-B82DCC78EFBE}.Release|Any CPU.ActiveCfg = Release|Any CPU
		{83500DC0-3403-415C-9360-B82DCC78EFBE}.Release|Any CPU.Build.0 = Release|Any CPU
		{1D1C9D29-A2AF-40B1-9618-CBBEF21DDFB0}.Debug|Any CPU.ActiveCfg = Debug|Any CPU
		{1D1C9D29-A2AF-40B1-9618-CBBEF21DDFB0}.Debug|Any CPU.Build.0 = Debug|Any CPU
		{1D1C9D29-A2AF-40B1-9618-CBBEF21DDFB0}.Release|Any CPU.ActiveCfg = Release|Any CPU
		{1D1C9D29-A2AF-40B1-9618-CBBEF21DDFB0}.Release|Any CPU.Build.0 = Release|Any CPU
		{A04BA08D-66F3-450C-B8BF-60F0B99E0CC1}.Debug|Any CPU.ActiveCfg = Debug|Any CPU
		{A04BA08D-66F3-450C-B8BF-60F0B99E0CC1}.Debug|Any CPU.Build.0 = Debug|Any CPU
		{A04BA08D-66F3-450C-B8BF-60F0B99E0CC1}.Release|Any CPU.ActiveCfg = Release|Any CPU
		{A04BA08D-66F3-450C-B8BF-60F0B99E0CC1}.Release|Any CPU.Build.0 = Release|Any CPU
		{5C0F0A1D-B7A9-4CC1-96A9-C71CCDF161B2}.Debug|Any CPU.ActiveCfg = Debug|Any CPU
		{5C0F0A1D-B7A9-4CC1-96A9-C71CCDF161B2}.Debug|Any CPU.Build.0 = Debug|Any CPU
		{5C0F0A1D-B7A9-4CC1-96A9-C71CCDF161B2}.Release|Any CPU.ActiveCfg = Release|Any CPU
		{5C0F0A1D-B7A9-4CC1-96A9-C71CCDF161B2}.Release|Any CPU.Build.0 = Release|Any CPU
		{865F6D50-1FB9-476A-9487-266851D061D6}.Debug|Any CPU.ActiveCfg = Debug|Any CPU
		{865F6D50-1FB9-476A-9487-266851D061D6}.Debug|Any CPU.Build.0 = Debug|Any CPU
		{865F6D50-1FB9-476A-9487-266851D061D6}.Release|Any CPU.ActiveCfg = Release|Any CPU
		{865F6D50-1FB9-476A-9487-266851D061D6}.Release|Any CPU.Build.0 = Release|Any CPU
		{243C57EE-F73D-458A-A45B-3A09BF6F35EB}.Debug|Any CPU.ActiveCfg = Debug|Any CPU
		{243C57EE-F73D-458A-A45B-3A09BF6F35EB}.Debug|Any CPU.Build.0 = Debug|Any CPU
		{243C57EE-F73D-458A-A45B-3A09BF6F35EB}.Release|Any CPU.ActiveCfg = Release|Any CPU
		{243C57EE-F73D-458A-A45B-3A09BF6F35EB}.Release|Any CPU.Build.0 = Release|Any CPU
		{EB8AF1EB-84D0-4A62-A6D6-31851F06FE13}.Debug|Any CPU.ActiveCfg = Debug|Any CPU
		{EB8AF1EB-84D0-4A62-A6D6-31851F06FE13}.Debug|Any CPU.Build.0 = Debug|Any CPU
		{EB8AF1EB-84D0-4A62-A6D6-31851F06FE13}.Release|Any CPU.ActiveCfg = Release|Any CPU
		{EB8AF1EB-84D0-4A62-A6D6-31851F06FE13}.Release|Any CPU.Build.0 = Release|Any CPU
		{BE82A711-852D-4112-AE73-15EE1E463F50}.Debug|Any CPU.ActiveCfg = Debug|Any CPU
		{BE82A711-852D-4112-AE73-15EE1E463F50}.Debug|Any CPU.Build.0 = Debug|Any CPU
		{BE82A711-852D-4112-AE73-15EE1E463F50}.Release|Any CPU.ActiveCfg = Release|Any CPU
		{BE82A711-852D-4112-AE73-15EE1E463F50}.Release|Any CPU.Build.0 = Release|Any CPU
		{FBA2F01E-70F5-4F3A-98CF-29FB89C86EA0}.Debug|Any CPU.ActiveCfg = Debug|Any CPU
		{FBA2F01E-70F5-4F3A-98CF-29FB89C86EA0}.Debug|Any CPU.Build.0 = Debug|Any CPU
		{FBA2F01E-70F5-4F3A-98CF-29FB89C86EA0}.Release|Any CPU.ActiveCfg = Release|Any CPU
		{FBA2F01E-70F5-4F3A-98CF-29FB89C86EA0}.Release|Any CPU.Build.0 = Release|Any CPU
		{FB49E179-3219-4D76-9D81-8DA095BC01F7}.Debug|Any CPU.ActiveCfg = Debug|Any CPU
		{FB49E179-3219-4D76-9D81-8DA095BC01F7}.Debug|Any CPU.Build.0 = Debug|Any CPU
		{FB49E179-3219-4D76-9D81-8DA095BC01F7}.Release|Any CPU.ActiveCfg = Release|Any CPU
		{FB49E179-3219-4D76-9D81-8DA095BC01F7}.Release|Any CPU.Build.0 = Release|Any CPU
		{CD37E3E3-5D52-4AA5-A012-C24FDE70D772}.Debug|Any CPU.ActiveCfg = Debug|Any CPU
		{CD37E3E3-5D52-4AA5-A012-C24FDE70D772}.Debug|Any CPU.Build.0 = Debug|Any CPU
		{CD37E3E3-5D52-4AA5-A012-C24FDE70D772}.Release|Any CPU.ActiveCfg = Release|Any CPU
		{CD37E3E3-5D52-4AA5-A012-C24FDE70D772}.Release|Any CPU.Build.0 = Release|Any CPU
		{F84660CF-49C0-4368-AEF8-1A067BC7D19D}.Debug|Any CPU.ActiveCfg = Debug|Any CPU
		{F84660CF-49C0-4368-AEF8-1A067BC7D19D}.Debug|Any CPU.Build.0 = Debug|Any CPU
		{F84660CF-49C0-4368-AEF8-1A067BC7D19D}.Release|Any CPU.ActiveCfg = Release|Any CPU
		{F84660CF-49C0-4368-AEF8-1A067BC7D19D}.Release|Any CPU.Build.0 = Release|Any CPU
		{56948BF4-8F54-4969-93A8-6600D77CE345}.Debug|Any CPU.ActiveCfg = Debug|Any CPU
		{56948BF4-8F54-4969-93A8-6600D77CE345}.Debug|Any CPU.Build.0 = Debug|Any CPU
		{56948BF4-8F54-4969-93A8-6600D77CE345}.Release|Any CPU.ActiveCfg = Release|Any CPU
		{56948BF4-8F54-4969-93A8-6600D77CE345}.Release|Any CPU.Build.0 = Release|Any CPU
		{0F51D703-BADA-4F6E-AF6B-08B56BD15A18}.Debug|Any CPU.ActiveCfg = Debug|Any CPU
		{0F51D703-BADA-4F6E-AF6B-08B56BD15A18}.Debug|Any CPU.Build.0 = Debug|Any CPU
		{0F51D703-BADA-4F6E-AF6B-08B56BD15A18}.Release|Any CPU.ActiveCfg = Release|Any CPU
		{0F51D703-BADA-4F6E-AF6B-08B56BD15A18}.Release|Any CPU.Build.0 = Release|Any CPU
		{905A39ED-E14B-4472-B006-6184F3157FD7}.Debug|Any CPU.ActiveCfg = Debug|Any CPU
		{905A39ED-E14B-4472-B006-6184F3157FD7}.Debug|Any CPU.Build.0 = Debug|Any CPU
		{905A39ED-E14B-4472-B006-6184F3157FD7}.Release|Any CPU.ActiveCfg = Release|Any CPU
		{905A39ED-E14B-4472-B006-6184F3157FD7}.Release|Any CPU.Build.0 = Release|Any CPU
		{1431C7A0-B13D-429C-B64B-63A4C811868A}.Debug|Any CPU.ActiveCfg = Debug|Any CPU
		{1431C7A0-B13D-429C-B64B-63A4C811868A}.Debug|Any CPU.Build.0 = Debug|Any CPU
		{1431C7A0-B13D-429C-B64B-63A4C811868A}.Release|Any CPU.ActiveCfg = Release|Any CPU
		{1431C7A0-B13D-429C-B64B-63A4C811868A}.Release|Any CPU.Build.0 = Release|Any CPU
	EndGlobalSection
	GlobalSection(SolutionProperties) = preSolution
		HideSolutionNode = FALSE
	EndGlobalSection
	GlobalSection(NestedProjects) = preSolution
		{F7221282-1169-475B-BF81-E3EC2FF6A00A} = {6672A93F-9DE9-416A-9F08-95EAEAE0FF27}
		{73500DC0-3403-415C-9360-B82DCC78EFBE} = {7F1BFA38-2D58-4678-920F-73BDFAAB6D4F}
		{C8843366-3DA1-4CF8-AD64-222872A43F20} = {431210D1-DD2B-46DA-AC49-C767507274CD}
		{83500DC0-3403-415C-9360-B82DCC78EFBE} = {7F1BFA38-2D58-4678-920F-73BDFAAB6D4F}
		{1D1C9D29-A2AF-40B1-9618-CBBEF21DDFB0} = {516CA2A0-CC98-485D-8A93-F03CA478F4D7}
		{A04BA08D-66F3-450C-B8BF-60F0B99E0CC1} = {6672A93F-9DE9-416A-9F08-95EAEAE0FF27}
		{5C0F0A1D-B7A9-4CC1-96A9-C71CCDF161B2} = {10EB025E-477C-4D33-A542-0882EA67CEFF}
		{865F6D50-1FB9-476A-9487-266851D061D6} = {02DE0AE9-64F7-44F9-9990-6EE8DDBECB6C}
		{47DE47F5-E1D6-4C9F-B229-ED065E0A12BE} = {EFBCF1E0-272C-46E4-A916-85FA149CDF82}
		{243C57EE-F73D-458A-A45B-3A09BF6F35EB} = {02DE0AE9-64F7-44F9-9990-6EE8DDBECB6C}
		{EB8AF1EB-84D0-4A62-A6D6-31851F06FE13} = {EFBCF1E0-272C-46E4-A916-85FA149CDF82}
		{BE82A711-852D-4112-AE73-15EE1E463F50} = {516CA2A0-CC98-485D-8A93-F03CA478F4D7}
		{FBA2F01E-70F5-4F3A-98CF-29FB89C86EA0} = {516CA2A0-CC98-485D-8A93-F03CA478F4D7}
		{02DE0AE9-64F7-44F9-9990-6EE8DDBECB6C} = {47DE47F5-E1D6-4C9F-B229-ED065E0A12BE}
		{FB49E179-3219-4D76-9D81-8DA095BC01F7} = {10EB025E-477C-4D33-A542-0882EA67CEFF}
		{10EB025E-477C-4D33-A542-0882EA67CEFF} = {47DE47F5-E1D6-4C9F-B229-ED065E0A12BE}
		{CD37E3E3-5D52-4AA5-A012-C24FDE70D772} = {10EB025E-477C-4D33-A542-0882EA67CEFF}
		{F84660CF-49C0-4368-AEF8-1A067BC7D19D} = {02DE0AE9-64F7-44F9-9990-6EE8DDBECB6C}
		{56948BF4-8F54-4969-93A8-6600D77CE345} = {02DE0AE9-64F7-44F9-9990-6EE8DDBECB6C}
		{0F51D703-BADA-4F6E-AF6B-08B56BD15A18} = {02DE0AE9-64F7-44F9-9990-6EE8DDBECB6C}
		{905A39ED-E14B-4472-B006-6184F3157FD7} = {02DE0AE9-64F7-44F9-9990-6EE8DDBECB6C}
		{516CA2A0-CC98-485D-8A93-F03CA478F4D7} = {EFBCF1E0-272C-46E4-A916-85FA149CDF82}
		{1431C7A0-B13D-429C-B64B-63A4C811868A} = {7F1BFA38-2D58-4678-920F-73BDFAAB6D4F}
		{7F1BFA38-2D58-4678-920F-73BDFAAB6D4F} = {EFBCF1E0-272C-46E4-A916-85FA149CDF82}
	EndGlobalSection
	GlobalSection(ExtensibilityGlobals) = postSolution
		SolutionGuid = {CBF11506-63A9-40BE-9454-6BFEC81550CA}
	EndGlobalSection
EndGlobal
